
Microsoft Visual Studio Solution File, Format Version 12.00
# Visual Studio 15
VisualStudioVersion = 15.0.28010.2016
MinimumVisualStudioVersion = 10.0.40219.1
Project("{FAE04EC0-301F-11D3-BF4B-00C04F79EFBC}") = "Money Trainer", "WindowsFormsApp1\Money Trainer.csproj", "{B9E5E2AC-51A7-482B-A632-4571C3BFDE46}"
EndProject
Global
	GlobalSection(SolutionConfigurationPlatforms) = preSolution
		Debug|Any CPU = Debug|Any CPU
		Release|Any CPU = Release|Any CPU
	EndGlobalSection
	GlobalSection(ProjectConfigurationPlatforms) = postSolution
		{B9E5E2AC-51A7-482B-A632-4571C3BFDE46}.Debug|Any CPU.ActiveCfg = Debug|Any CPU
		{B9E5E2AC-51A7-482B-A632-4571C3BFDE46}.Debug|Any CPU.Build.0 = Debug|Any CPU
		{B9E5E2AC-51A7-482B-A632-4571C3BFDE46}.Release|Any CPU.ActiveCfg = Release|Any CPU
		{B9E5E2AC-51A7-482B-A632-4571C3BFDE46}.Release|Any CPU.Build.0 = Release|Any CPU
	EndGlobalSection
	GlobalSection(SolutionProperties) = preSolution
		HideSolutionNode = FALSE
	EndGlobalSection
	GlobalSection(ExtensibilityGlobals) = postSolution
		SolutionGuid = {7F3DBBB3-F7EB-44B7-A139-A2F600ABC38A}
	EndGlobalSection
EndGlobal
